
Microsoft Visual Studio Solution File, Format Version 12.00
# Visual Studio Version 17
VisualStudioVersion = 17.8.34330.188
MinimumVisualStudioVersion = 10.0.40219.1
Project("{FAE04EC0-301F-11D3-BF4B-00C04F79EFBC}") = "API", "API\API.csproj", "{CE56CAB2-761F-413B-9369-078A5A046B7F}"
EndProject
Global
	GlobalSection(SolutionConfigurationPlatforms) = preSolution
		Debug|Any CPU = Debug|Any CPU
		Release|Any CPU = Release|Any CPU
	EndGlobalSection
	GlobalSection(ProjectConfigurationPlatforms) = postSolution
		{CE56CAB2-761F-413B-9369-078A5A046B7F}.Debug|Any CPU.ActiveCfg = Debug|Any CPU
		{CE56CAB2-761F-413B-9369-078A5A046B7F}.Debug|Any CPU.Build.0 = Debug|Any CPU
		{CE56CAB2-761F-413B-9369-078A5A046B7F}.Release|Any CPU.ActiveCfg = Release|Any CPU
		{CE56CAB2-761F-413B-9369-078A5A046B7F}.Release|Any CPU.Build.0 = Release|Any CPU
	EndGlobalSection
	GlobalSection(SolutionProperties) = preSolution
		HideSolutionNode = FALSE
	EndGlobalSection
	GlobalSection(ExtensibilityGlobals) = postSolution
		SolutionGuid = {749D8201-FA33-4104-841A-FE439E10E244}
	EndGlobalSection
EndGlobal
